
Microsoft Visual Studio Solution File, Format Version 12.00
Project("{FAE04EC0-301F-11D3-BF4B-00C04F79EFBC}") = "App", "App\App.csproj", "{89F2797E-3361-4837-8CD2-40DD433F9C96}"
EndProject
Project("{FAE04EC0-301F-11D3-BF4B-00C04F79EFBC}") = "App.Database", "App.Database\App.Database.csproj", "{B773C786-2317-482C-9B95-3C1E25E666F2}"
EndProject
Global
	GlobalSection(SolutionConfigurationPlatforms) = preSolution
		Debug|Any CPU = Debug|Any CPU
		Release|Any CPU = Release|Any CPU
	EndGlobalSection
	GlobalSection(ProjectConfigurationPlatforms) = postSolution
		{89F2797E-3361-4837-8CD2-40DD433F9C96}.Debug|Any CPU.ActiveCfg = Debug|Any CPU
		{89F2797E-3361-4837-8CD2-40DD433F9C96}.Debug|Any CPU.Build.0 = Debug|Any CPU
		{89F2797E-3361-4837-8CD2-40DD433F9C96}.Release|Any CPU.ActiveCfg = Release|Any CPU
		{89F2797E-3361-4837-8CD2-40DD433F9C96}.Release|Any CPU.Build.0 = Release|Any CPU
		{B773C786-2317-482C-9B95-3C1E25E666F2}.Debug|Any CPU.ActiveCfg = Debug|Any CPU
		{B773C786-2317-482C-9B95-3C1E25E666F2}.Debug|Any CPU.Build.0 = Debug|Any CPU
		{B773C786-2317-482C-9B95-3C1E25E666F2}.Release|Any CPU.ActiveCfg = Release|Any CPU
		{B773C786-2317-482C-9B95-3C1E25E666F2}.Release|Any CPU.Build.0 = Release|Any CPU
	EndGlobalSection
EndGlobal
